
Microsoft Visual Studio Solution File, Format Version 12.00
# Visual Studio Version 16
VisualStudioVersion = 16.0.30114.105
MinimumVisualStudioVersion = 10.0.40219.1
Project("{FAE04EC0-301F-11D3-BF4B-00C04F79EFBC}") = "INF-0990", "INF-0990\INF-0990.csproj", "{4031E516-A769-4F23-83B2-A8B731EC0325}"
EndProject
Global
	GlobalSection(SolutionConfigurationPlatforms) = preSolution
		Debug|Any CPU = Debug|Any CPU
		Release|Any CPU = Release|Any CPU
	EndGlobalSection
	GlobalSection(SolutionProperties) = preSolution
		HideSolutionNode = FALSE
	EndGlobalSection
	GlobalSection(ProjectConfigurationPlatforms) = postSolution
		{4031E516-A769-4F23-83B2-A8B731EC0325}.Debug|Any CPU.ActiveCfg = Debug|Any CPU
		{4031E516-A769-4F23-83B2-A8B731EC0325}.Debug|Any CPU.Build.0 = Debug|Any CPU
		{4031E516-A769-4F23-83B2-A8B731EC0325}.Release|Any CPU.ActiveCfg = Release|Any CPU
		{4031E516-A769-4F23-83B2-A8B731EC0325}.Release|Any CPU.Build.0 = Release|Any CPU
	EndGlobalSection
EndGlobal
